// !$*UTF8*$!
{
	archiveVersion = 1;
	classes = {
	};
	objectVersion = 46;
	objects = {

/* Begin PBXBuildFile section */
		3C519DC613A60CAC006079B2 /* main.c in Sources */ = {isa = PBXBuildFile; fileRef = 3C519DC513A60CAC006079B2 /* main.c */; };
		3C519DC813A60CAC006079B2 /* dht_harvester.1 in CopyFiles */ = {isa = PBXBuildFile; fileRef = 3C519DC713A60CAC006079B2 /* dht_harvester.1 */; };
		3C519DD013A60CC0006079B2 /* dht.c in Sources */ = {isa = PBXBuildFile; fileRef = 3C519DCE13A60CC0006079B2 /* dht.c */; };
		3C519DD313A61020006079B2 /* mongoose.c in Sources */ = {isa = PBXBuildFile; fileRef = 3C519DD113A61020006079B2 /* mongoose.c */; };
		3C519DD613A618E0006079B2 /* strmap.c in Sources */ = {isa = PBXBuildFile; fileRef = 3C519DD413A618E0006079B2 /* strmap.c */; };
/* End PBXBuildFile section */

/* Begin PBXCopyFilesBuildPhase section */
		3C519DBF13A60CAC006079B2 /* CopyFiles */ = {
			isa = PBXCopyFilesBuildPhase;
			buildActionMask = 2147483647;
			dstPath = /usr/share/man/man1/;
			dstSubfolderSpec = 0;
			files = (
				3C519DC813A60CAC006079B2 /* dht_harvester.1 in CopyFiles */,
			);
			runOnlyForDeploymentPostprocessing = 1;
		};
/* End PBXCopyFilesBuildPhase section */

/* Begin PBXFileReference section */
		3C519DC113A60CAC006079B2 /* dht-harvester */ = {isa = PBXFileReference; explicitFileType = "compiled.mach-o.executable"; includeInIndex = 0; path = "dht-harvester"; sourceTree = BUILT_PRODUCTS_DIR; };
		3C519DC513A60CAC006079B2 /* main.c */ = {isa = PBXFileReference; lastKnownFileType = sourcecode.c.c; path = main.c; sourceTree = "<group>"; };
		3C519DC713A60CAC006079B2 /* dht_harvester.1 */ = {isa = PBXFileReference; lastKnownFileType = text.man; path = dht_harvester.1; sourceTree = "<group>"; };
		3C519DCE13A60CC0006079B2 /* dht.c */ = {isa = PBXFileReference; fileEncoding = 4; lastKnownFileType = sourcecode.c.c; path = dht.c; sourceTree = "<group>"; };
		3C519DCF13A60CC0006079B2 /* dht.h */ = {isa = PBXFileReference; fileEncoding = 4; lastKnownFileType = sourcecode.c.h; path = dht.h; sourceTree = "<group>"; };
		3C519DD113A61020006079B2 /* mongoose.c */ = {isa = PBXFileReference; fileEncoding = 4; lastKnownFileType = sourcecode.c.c; path = mongoose.c; sourceTree = "<group>"; };
		3C519DD213A61020006079B2 /* mongoose.h */ = {isa = PBXFileReference; fileEncoding = 4; lastKnownFileType = sourcecode.c.h; path = mongoose.h; sourceTree = "<group>"; };
		3C519DD413A618E0006079B2 /* strmap.c */ = {isa = PBXFileReference; fileEncoding = 4; lastKnownFileType = sourcecode.c.c; path = strmap.c; sourceTree = "<group>"; };
		3C519DD513A618E0006079B2 /* strmap.h */ = {isa = PBXFileReference; fileEncoding = 4; lastKnownFileType = sourcecode.c.h; path = strmap.h; sourceTree = "<group>"; };
/* End PBXFileReference section */

/* Begin PBXFrameworksBuildPhase section */
		3C519DBE13A60CAC006079B2 /* Frameworks */ = {
			isa = PBXFrameworksBuildPhase;
			buildActionMask = 2147483647;
			files = (
			);
			runOnlyForDeploymentPostprocessing = 0;
		};
/* End PBXFrameworksBuildPhase section */

/* Begin PBXGroup section */
		3C519DB613A60CAC006079B2 = {
			isa = PBXGroup;
			children = (
				3C519DC413A60CAC006079B2 /* dht-harvester */,
				3C519DC213A60CAC006079B2 /* Products */,
			);
			sourceTree = "<group>";
		};
		3C519DC213A60CAC006079B2 /* Products */ = {
			isa = PBXGroup;
			children = (
				3C519DC113A60CAC006079B2 /* dht-harvester */,
			);
			name = Products;
			sourceTree = "<group>";
		};
		3C519DC413A60CAC006079B2 /* dht-harvester */ = {
			isa = PBXGroup;
			children = (
				3C519DD113A61020006079B2 /* mongoose.c */,
				3C519DD213A61020006079B2 /* mongoose.h */,
				3C519DCE13A60CC0006079B2 /* dht.c */,
				3C519DCF13A60CC0006079B2 /* dht.h */,
				3C519DD413A618E0006079B2 /* strmap.c */,
				3C519DD513A618E0006079B2 /* strmap.h */,
				3C519DC513A60CAC006079B2 /* main.c */,
				3C519DC713A60CAC006079B2 /* dht_harvester.1 */,
			);
			path = "dht-harvester";
			sourceTree = "<group>";
		};
/* End PBXGroup section */

/* Begin PBXNativeTarget section */
		3C519DC013A60CAC006079B2 /* dht-harvester */ = {
			isa = PBXNativeTarget;
			buildConfigurationList = 3C519DCB13A60CAC006079B2 /* Build configuration list for PBXNativeTarget "dht-harvester" */;
			buildPhases = (
				3C519DBD13A60CAC006079B2 /* Sources */,
				3C519DBE13A60CAC006079B2 /* Frameworks */,
				3C519DBF13A60CAC006079B2 /* CopyFiles */,
			);
			buildRules = (
			);
			dependencies = (
			);
			name = "dht-harvester";
			productName = "dht-harvester";
			productReference = 3C519DC113A60CAC006079B2 /* dht-harvester */;
			productType = "com.apple.product-type.tool";
		};
/* End PBXNativeTarget section */

/* Begin PBXProject section */
		3C519DB813A60CAC006079B2 /* Project object */ = {
			isa = PBXProject;
			attributes = {
				ORGANIZATIONNAME = "Ephemeron Industries";
			};
			buildConfigurationList = 3C519DBB13A60CAC006079B2 /* Build configuration list for PBXProject "dht-harvester" */;
			compatibilityVersion = "Xcode 3.2";
			developmentRegion = English;
			hasScannedForEncodings = 0;
			knownRegions = (
				en,
			);
			mainGroup = 3C519DB613A60CAC006079B2;
			productRefGroup = 3C519DC213A60CAC006079B2 /* Products */;
			projectDirPath = "";
			projectRoot = "";
			targets = (
				3C519DC013A60CAC006079B2 /* dht-harvester */,
			);
		};
/* End PBXProject section */

/* Begin PBXSourcesBuildPhase section */
		3C519DBD13A60CAC006079B2 /* Sources */ = {
			isa = PBXSourcesBuildPhase;
			buildActionMask = 2147483647;
			files = (
				3C519DC613A60CAC006079B2 /* main.c in Sources */,
				3C519DD013A60CC0006079B2 /* dht.c in Sources */,
				3C519DD313A61020006079B2 /* mongoose.c in Sources */,
				3C519DD613A618E0006079B2 /* strmap.c in Sources */,
			);
			runOnlyForDeploymentPostprocessing = 0;
		};
/* End PBXSourcesBuildPhase section */

/* Begin XCBuildConfiguration section */
		3C519DC913A60CAC006079B2 /* Debug */ = {
			isa = XCBuildConfiguration;
			buildSettings = {
				ALWAYS_SEARCH_USER_PATHS = NO;
				ARCHS = "$(ARCHS_STANDARD_32_64_BIT)";
				COPY_PHASE_STRIP = NO;
				GCC_C_LANGUAGE_STANDARD = gnu99;
				GCC_DYNAMIC_NO_PIC = NO;
				GCC_ENABLE_OBJC_EXCEPTIONS = YES;
				GCC_OPTIMIZATION_LEVEL = 0;
				GCC_PREPROCESSOR_DEFINITIONS = (
					"DEBUG=1",
					"$(inherited)",
				);
				GCC_SYMBOLS_PRIVATE_EXTERN = NO;
				GCC_VERSION = com.apple.compilers.llvm.clang.1_0;
				GCC_WARN_64_TO_32_BIT_CONVERSION = YES;
				GCC_WARN_ABOUT_MISSING_PROTOTYPES = YES;
				GCC_WARN_ABOUT_RETURN_TYPE = YES;
				GCC_WARN_UNUSED_VARIABLE = YES;
				MACOSX_DEPLOYMENT_TARGET = 10.6;
				ONLY_ACTIVE_ARCH = YES;
				OTHER_LDFLAGS = "-lcrypto";
				SDKROOT = macosx;
			};
			name = Debug;
		};
		3C519DCA13A60CAC006079B2 /* Release */ = {
			isa = XCBuildConfiguration;
			buildSettings = {
				ALWAYS_SEARCH_USER_PATHS = NO;
				ARCHS = "$(ARCHS_STANDARD_32_64_BIT)";
				COPY_PHASE_STRIP = YES;
				DEBUG_INFORMATION_FORMAT = "dwarf-with-dsym";
				GCC_C_LANGUAGE_STANDARD = gnu99;
				GCC_ENABLE_OBJC_EXCEPTIONS = YES;
				GCC_VERSION = com.apple.compilers.llvm.clang.1_0;
				GCC_WARN_64_TO_32_BIT_CONVERSION = YES;
				GCC_WARN_ABOUT_MISSING_PROTOTYPES = YES;
				GCC_WARN_ABOUT_RETURN_TYPE = YES;
				GCC_WARN_UNUSED_VARIABLE = YES;
				MACOSX_DEPLOYMENT_TARGET = 10.6;
				OTHER_LDFLAGS = "-lcrypto";
				SDKROOT = macosx;
			};
			name = Release;
		};
		3C519DCC13A60CAC006079B2 /* Debug */ = {
			isa = XCBuildConfiguration;
			buildSettings = {
				PRODUCT_NAME = "$(TARGET_NAME)";
			};
			name = Debug;
		};
		3C519DCD13A60CAC006079B2 /* Release */ = {
			isa = XCBuildConfiguration;
			buildSettings = {
				PRODUCT_NAME = "$(TARGET_NAME)";
			};
			name = Release;
		};
/* End XCBuildConfiguration section */

/* Begin XCConfigurationList section */
		3C519DBB13A60CAC006079B2 /* Build configuration list for PBXProject "dht-harvester" */ = {
			isa = XCConfigurationList;
			buildConfigurations = (
				3C519DC913A60CAC006079B2 /* Debug */,
				3C519DCA13A60CAC006079B2 /* Release */,
			);
			defaultConfigurationIsVisible = 0;
			defaultConfigurationName = Release;
		};
		3C519DCB13A60CAC006079B2 /* Build configuration list for PBXNativeTarget "dht-harvester" */ = {
			isa = XCConfigurationList;
			buildConfigurations = (
				3C519DCC13A60CAC006079B2 /* Debug */,
				3C519DCD13A60CAC006079B2 /* Release */,
			);
			defaultConfigurationIsVisible = 0;
		};
/* End XCConfigurationList section */
	};
	rootObject = 3C519DB813A60CAC006079B2 /* Project object */;
}
